
Microsoft Visual Studio Solution File, Format Version 12.00
# Visual Studio Version 17
VisualStudioVersion = 17.8.34330.188
MinimumVisualStudioVersion = 10.0.40219.1
Project("{9A19103F-16F7-4668-BE54-9A1E7A4F7556}") = "AutomobileWPFApp", "AutomobileWPFApp\AutomobileWPFApp.csproj", "{3A3E640E-80DB-4124-8114-3704D90D0E8B}"
EndProject
Project("{FAE04EC0-301F-11D3-BF4B-00C04F79EFBC}") = "AutomobileLibrary", "AutomobileLibrary\AutomobileLibrary.csproj", "{615FE0EB-A8B1-4463-AFA1-B85D08EC7D57}"
EndProject
Global
	GlobalSection(SolutionConfigurationPlatforms) = preSolution
		Debug|Any CPU = Debug|Any CPU
		Release|Any CPU = Release|Any CPU
	EndGlobalSection
	GlobalSection(ProjectConfigurationPlatforms) = postSolution
		{3A3E640E-80DB-4124-8114-3704D90D0E8B}.Debug|Any CPU.ActiveCfg = Debug|Any CPU
		{3A3E640E-80DB-4124-8114-3704D90D0E8B}.Debug|Any CPU.Build.0 = Debug|Any CPU
		{3A3E640E-80DB-4124-8114-3704D90D0E8B}.Release|Any CPU.ActiveCfg = Release|Any CPU
		{3A3E640E-80DB-4124-8114-3704D90D0E8B}.Release|Any CPU.Build.0 = Release|Any CPU
		{615FE0EB-A8B1-4463-AFA1-B85D08EC7D57}.Debug|Any CPU.ActiveCfg = Debug|Any CPU
		{615FE0EB-A8B1-4463-AFA1-B85D08EC7D57}.Debug|Any CPU.Build.0 = Debug|Any CPU
		{615FE0EB-A8B1-4463-AFA1-B85D08EC7D57}.Release|Any CPU.ActiveCfg = Release|Any CPU
		{615FE0EB-A8B1-4463-AFA1-B85D08EC7D57}.Release|Any CPU.Build.0 = Release|Any CPU
	EndGlobalSection
	GlobalSection(SolutionProperties) = preSolution
		HideSolutionNode = FALSE
	EndGlobalSection
	GlobalSection(ExtensibilityGlobals) = postSolution
		SolutionGuid = {51C81DDF-CD55-4C41-9254-B048468349FE}
	EndGlobalSection
EndGlobal
